// !$*UTF8*$!
{
	archiveVersion = 1;
	classes = {
	};
	objectVersion = 46;
	objects = {

/* Begin PBXBuildFile section */
		BE1B49731E36793C00B3B612 /* ShortcutHandler.swift in Sources */ = {isa = PBXBuildFile; fileRef = BE1B49721E36793C00B3B612 /* ShortcutHandler.swift */; };
		BE5E54011E3461F8002EC5FF /* fat-boy-special-2017.png in Resources */ = {isa = PBXBuildFile; fileRef = BE5E54001E3461F8002EC5FF /* fat-boy-special-2017.png */; };
		BE5E54031E34631A002EC5FF /* tricycle.png in Resources */ = {isa = PBXBuildFile; fileRef = BE5E54021E34631A002EC5FF /* tricycle.png */; };
		BE5E54051E346458002EC5FF /* Macbook.png in Resources */ = {isa = PBXBuildFile; fileRef = BE5E54041E346458002EC5FF /* Macbook.png */; };
		BE5E54071E346543002EC5FF /* tv.png in Resources */ = {isa = PBXBuildFile; fileRef = BE5E54061E346543002EC5FF /* tv.png */; };
		BE5E54091E3510D9002EC5FF /* DetailViewController.swift in Sources */ = {isa = PBXBuildFile; fileRef = BE5E54081E3510D9002EC5FF /* DetailViewController.swift */; };
		BE5E540B1E352F56002EC5FF /* EditViewController.swift in Sources */ = {isa = PBXBuildFile; fileRef = BE5E540A1E352F56002EC5FF /* EditViewController.swift */; };
		BE6688701E341582004F75FD /* Asset.swift in Sources */ = {isa = PBXBuildFile; fileRef = BE66886F1E341582004F75FD /* Asset.swift */; };
		BE6688721E342C8C004F75FD /* AssetStorage.swift in Sources */ = {isa = PBXBuildFile; fileRef = BE6688711E342C8C004F75FD /* AssetStorage.swift */; };
		BE6688741E343C82004F75FD /* dodge.png in Resources */ = {isa = PBXBuildFile; fileRef = BE6688731E343C82004F75FD /* dodge.png */; };
		BEF49B3B1E340D2F00F314CA /* AppDelegate.swift in Sources */ = {isa = PBXBuildFile; fileRef = BEF49B3A1E340D2F00F314CA /* AppDelegate.swift */; };
		BEF49B401E340D2F00F314CA /* Main.storyboard in Resources */ = {isa = PBXBuildFile; fileRef = BEF49B3E1E340D2F00F314CA /* Main.storyboard */; };
		BEF49B421E340D2F00F314CA /* Assets.xcassets in Resources */ = {isa = PBXBuildFile; fileRef = BEF49B411E340D2F00F314CA /* Assets.xcassets */; };
		BEF49B451E340D2F00F314CA /* LaunchScreen.storyboard in Resources */ = {isa = PBXBuildFile; fileRef = BEF49B431E340D2F00F314CA /* LaunchScreen.storyboard */; };
		BEF49B4D1E3410BC00F314CA /* MainTableViewController.swift in Sources */ = {isa = PBXBuildFile; fileRef = BEF49B4C1E3410BC00F314CA /* MainTableViewController.swift */; };
		BEF49B4F1E34134600F314CA /* AssetTableViewCell.swift in Sources */ = {isa = PBXBuildFile; fileRef = BEF49B4E1E34134600F314CA /* AssetTableViewCell.swift */; };
/* End PBXBuildFile section */

/* Begin PBXFileReference section */
		BE1B49721E36793C00B3B612 /* ShortcutHandler.swift */ = {isa = PBXFileReference; fileEncoding = 4; lastKnownFileType = sourcecode.swift; path = ShortcutHandler.swift; sourceTree = "<group>"; };
		BE5E54001E3461F8002EC5FF /* fat-boy-special-2017.png */ = {isa = PBXFileReference; lastKnownFileType = image.png; path = "fat-boy-special-2017.png"; sourceTree = "<group>"; };
		BE5E54021E34631A002EC5FF /* tricycle.png */ = {isa = PBXFileReference; lastKnownFileType = image.png; path = tricycle.png; sourceTree = "<group>"; };
		BE5E54041E346458002EC5FF /* Macbook.png */ = {isa = PBXFileReference; lastKnownFileType = image.png; path = Macbook.png; sourceTree = "<group>"; };
		BE5E54061E346543002EC5FF /* tv.png */ = {isa = PBXFileReference; lastKnownFileType = image.png; path = tv.png; sourceTree = "<group>"; };
		BE5E54081E3510D9002EC5FF /* DetailViewController.swift */ = {isa = PBXFileReference; fileEncoding = 4; lastKnownFileType = sourcecode.swift; path = DetailViewController.swift; sourceTree = "<group>"; };
		BE5E540A1E352F56002EC5FF /* EditViewController.swift */ = {isa = PBXFileReference; fileEncoding = 4; lastKnownFileType = sourcecode.swift; path = EditViewController.swift; sourceTree = "<group>"; };
		BE66886F1E341582004F75FD /* Asset.swift */ = {isa = PBXFileReference; fileEncoding = 4; lastKnownFileType = sourcecode.swift; path = Asset.swift; sourceTree = "<group>"; };
		BE6688711E342C8C004F75FD /* AssetStorage.swift */ = {isa = PBXFileReference; fileEncoding = 4; lastKnownFileType = sourcecode.swift; path = AssetStorage.swift; sourceTree = "<group>"; };
		BE6688731E343C82004F75FD /* dodge.png */ = {isa = PBXFileReference; lastKnownFileType = image.png; path = dodge.png; sourceTree = "<group>"; };
		BEF49B371E340D2F00F314CA /* 3DTouch.app */ = {isa = PBXFileReference; explicitFileType = wrapper.application; includeInIndex = 0; path = 3DTouch.app; sourceTree = BUILT_PRODUCTS_DIR; };
		BEF49B3A1E340D2F00F314CA /* AppDelegate.swift */ = {isa = PBXFileReference; lastKnownFileType = sourcecode.swift; path = AppDelegate.swift; sourceTree = "<group>"; };
		BEF49B3F1E340D2F00F314CA /* Base */ = {isa = PBXFileReference; lastKnownFileType = file.storyboard; name = Base; path = Base.lproj/Main.storyboard; sourceTree = "<group>"; };
		BEF49B411E340D2F00F314CA /* Assets.xcassets */ = {isa = PBXFileReference; lastKnownFileType = folder.assetcatalog; path = Assets.xcassets; sourceTree = "<group>"; };
		BEF49B441E340D2F00F314CA /* Base */ = {isa = PBXFileReference; lastKnownFileType = file.storyboard; name = Base; path = Base.lproj/LaunchScreen.storyboard; sourceTree = "<group>"; };
		BEF49B461E340D2F00F314CA /* Info.plist */ = {isa = PBXFileReference; lastKnownFileType = text.plist.xml; path = Info.plist; sourceTree = "<group>"; };
		BEF49B4C1E3410BC00F314CA /* MainTableViewController.swift */ = {isa = PBXFileReference; fileEncoding = 4; lastKnownFileType = sourcecode.swift; path = MainTableViewController.swift; sourceTree = "<group>"; };
		BEF49B4E1E34134600F314CA /* AssetTableViewCell.swift */ = {isa = PBXFileReference; fileEncoding = 4; lastKnownFileType = sourcecode.swift; path = AssetTableViewCell.swift; sourceTree = "<group>"; };
/* End PBXFileReference section */

/* Begin PBXFrameworksBuildPhase section */
		BEF49B341E340D2F00F314CA /* Frameworks */ = {
			isa = PBXFrameworksBuildPhase;
			buildActionMask = 2147483647;
			files = (
			);
			runOnlyForDeploymentPostprocessing = 0;
		};
/* End PBXFrameworksBuildPhase section */

/* Begin PBXGroup section */
		BE6688751E343C8B004F75FD /* Sample data */ = {
			isa = PBXGroup;
			children = (
				BE6688731E343C82004F75FD /* dodge.png */,
				BE5E54001E3461F8002EC5FF /* fat-boy-special-2017.png */,
				BE5E54021E34631A002EC5FF /* tricycle.png */,
				BE5E54041E346458002EC5FF /* Macbook.png */,
				BE5E54061E346543002EC5FF /* tv.png */,
			);
			name = "Sample data";
			sourceTree = "<group>";
		};
		BEF49B2E1E340D2F00F314CA = {
			isa = PBXGroup;
			children = (
				BEF49B391E340D2F00F314CA /* 3DTouchDemo */,
				BEF49B381E340D2F00F314CA /* Products */,
			);
			sourceTree = "<group>";
		};
		BEF49B381E340D2F00F314CA /* Products */ = {
			isa = PBXGroup;
			children = (
				BEF49B371E340D2F00F314CA /* 3DTouch.app */,
			);
			name = Products;
			sourceTree = "<group>";
		};
		BEF49B391E340D2F00F314CA /* 3DTouchDemo */ = {
			isa = PBXGroup;
			children = (
				BEF49B3A1E340D2F00F314CA /* AppDelegate.swift */,
				BE1B49721E36793C00B3B612 /* ShortcutHandler.swift */,
				BEF49B4C1E3410BC00F314CA /* MainTableViewController.swift */,
				BE5E54081E3510D9002EC5FF /* DetailViewController.swift */,
				BE5E540A1E352F56002EC5FF /* EditViewController.swift */,
				BEF49B3E1E340D2F00F314CA /* Main.storyboard */,
				BEF49B4E1E34134600F314CA /* AssetTableViewCell.swift */,
				BE66886F1E341582004F75FD /* Asset.swift */,
				BE6688711E342C8C004F75FD /* AssetStorage.swift */,
				BEF49B411E340D2F00F314CA /* Assets.xcassets */,
				BEF49B431E340D2F00F314CA /* LaunchScreen.storyboard */,
				BEF49B461E340D2F00F314CA /* Info.plist */,
				BE6688751E343C8B004F75FD /* Sample data */,
			);
			path = 3DTouchDemo;
			sourceTree = "<group>";
		};
/* End PBXGroup section */

/* Begin PBXNativeTarget section */
		BEF49B361E340D2F00F314CA /* 3DTouch */ = {
			isa = PBXNativeTarget;
			buildConfigurationList = BEF49B491E340D2F00F314CA /* Build configuration list for PBXNativeTarget "3DTouch" */;
			buildPhases = (
				BEF49B331E340D2F00F314CA /* Sources */,
				BEF49B341E340D2F00F314CA /* Frameworks */,
				BEF49B351E340D2F00F314CA /* Resources */,
			);
			buildRules = (
			);
			dependencies = (
			);
			name = 3DTouch;
			productName = 3DTouchDemo;
			productReference = BEF49B371E340D2F00F314CA /* 3DTouch.app */;
			productType = "com.apple.product-type.application";
		};
/* End PBXNativeTarget section */

/* Begin PBXProject section */
		BEF49B2F1E340D2F00F314CA /* Project object */ = {
			isa = PBXProject;
			attributes = {
				LastSwiftUpdateCheck = 0820;
				LastUpgradeCheck = 0820;
				ORGANIZATIONNAME = "Bitcrafters, Inc.";
				TargetAttributes = {
					BEF49B361E340D2F00F314CA = {
						CreatedOnToolsVersion = 8.2.1;
						DevelopmentTeam = 7WRAJPM7HE;
						ProvisioningStyle = Automatic;
					};
				};
			};
			buildConfigurationList = BEF49B321E340D2F00F314CA /* Build configuration list for PBXProject "3DTouchDemo" */;
			compatibilityVersion = "Xcode 3.2";
			developmentRegion = English;
			hasScannedForEncodings = 0;
			knownRegions = (
				en,
				Base,
			);
			mainGroup = BEF49B2E1E340D2F00F314CA;
			productRefGroup = BEF49B381E340D2F00F314CA /* Products */;
			projectDirPath = "";
			projectRoot = "";
			targets = (
				BEF49B361E340D2F00F314CA /* 3DTouch */,
			);
		};
/* End PBXProject section */

/* Begin PBXResourcesBuildPhase section */
		BEF49B351E340D2F00F314CA /* Resources */ = {
			isa = PBXResourcesBuildPhase;
			buildActionMask = 2147483647;
			files = (
				BE5E54031E34631A002EC5FF /* tricycle.png in Resources */,
				BE5E54051E346458002EC5FF /* Macbook.png in Resources */,
				BEF49B451E340D2F00F314CA /* LaunchScreen.storyboard in Resources */,
				BE5E54071E346543002EC5FF /* tv.png in Resources */,
				BEF49B421E340D2F00F314CA /* Assets.xcassets in Resources */,
				BEF49B401E340D2F00F314CA /* Main.storyboard in Resources */,
				BE5E54011E3461F8002EC5FF /* fat-boy-special-2017.png in Resources */,
				BE6688741E343C82004F75FD /* dodge.png in Resources */,
			);
			runOnlyForDeploymentPostprocessing = 0;
		};
/* End PBXResourcesBuildPhase section */

/* Begin PBXSourcesBuildPhase section */
		BEF49B331E340D2F00F314CA /* Sources */ = {
			isa = PBXSourcesBuildPhase;
			buildActionMask = 2147483647;
			files = (
				BEF49B4D1E3410BC00F314CA /* MainTableViewController.swift in Sources */,
				BEF49B3B1E340D2F00F314CA /* AppDelegate.swift in Sources */,
				BE1B49731E36793C00B3B612 /* ShortcutHandler.swift in Sources */,
				BE6688701E341582004F75FD /* Asset.swift in Sources */,
				BE5E54091E3510D9002EC5FF /* DetailViewController.swift in Sources */,
				BEF49B4F1E34134600F314CA /* AssetTableViewCell.swift in Sources */,
				BE6688721E342C8C004F75FD /* AssetStorage.swift in Sources */,
				BE5E540B1E352F56002EC5FF /* EditViewController.swift in Sources */,
			);
			runOnlyForDeploymentPostprocessing = 0;
		};
/* End PBXSourcesBuildPhase section */

/* Begin PBXVariantGroup section */
		BEF49B3E1E340D2F00F314CA /* Main.storyboard */ = {
			isa = PBXVariantGroup;
			children = (
				BEF49B3F1E340D2F00F314CA /* Base */,
			);
			name = Main.storyboard;
			sourceTree = "<group>";
		};
		BEF49B431E340D2F00F314CA /* LaunchScreen.storyboard */ = {
			isa = PBXVariantGroup;
			children = (
				BEF49B441E340D2F00F314CA /* Base */,
			);
			name = LaunchScreen.storyboard;
			sourceTree = "<group>";
		};
/* End PBXVariantGroup section */

/* Begin XCBuildConfiguration section */
		BEF49B471E340D2F00F314CA /* Debug */ = {
			isa = XCBuildConfiguration;
			buildSettings = {
				ALWAYS_SEARCH_USER_PATHS = NO;
				CLANG_ANALYZER_NONNULL = YES;
				CLANG_CXX_LANGUAGE_STANDARD = "gnu++0x";
				CLANG_CXX_LIBRARY = "libc++";
				CLANG_ENABLE_MODULES = YES;
				CLANG_ENABLE_OBJC_ARC = YES;
				CLANG_WARN_BOOL_CONVERSION = YES;
				CLANG_WARN_CONSTANT_CONVERSION = YES;
				CLANG_WARN_DIRECT_OBJC_ISA_USAGE = YES_ERROR;
				CLANG_WARN_DOCUMENTATION_COMMENTS = YES;
				CLANG_WARN_EMPTY_BODY = YES;
				CLANG_WARN_ENUM_CONVERSION = YES;
				CLANG_WARN_INFINITE_RECURSION = YES;
				CLANG_WARN_INT_CONVERSION = YES;
				CLANG_WARN_OBJC_ROOT_CLASS = YES_ERROR;
				CLANG_WARN_SUSPICIOUS_MOVE = YES;
				CLANG_WARN_UNREACHABLE_CODE = YES;
				CLANG_WARN__DUPLICATE_METHOD_MATCH = YES;
				"CODE_SIGN_IDENTITY[sdk=iphoneos*]" = "iPhone Developer";
				COPY_PHASE_STRIP = NO;
				DEBUG_INFORMATION_FORMAT = dwarf;
				ENABLE_STRICT_OBJC_MSGSEND = YES;
				ENABLE_TESTABILITY = YES;
				GCC_C_LANGUAGE_STANDARD = gnu99;
				GCC_DYNAMIC_NO_PIC = NO;
				GCC_NO_COMMON_BLOCKS = YES;
				GCC_OPTIMIZATION_LEVEL = 0;
				GCC_PREPROCESSOR_DEFINITIONS = (
					"DEBUG=1",
					"$(inherited)",
				);
				GCC_WARN_64_TO_32_BIT_CONVERSION = YES;
				GCC_WARN_ABOUT_RETURN_TYPE = YES_ERROR;
				GCC_WARN_UNDECLARED_SELECTOR = YES;
				GCC_WARN_UNINITIALIZED_AUTOS = YES_AGGRESSIVE;
				GCC_WARN_UNUSED_FUNCTION = YES;
				GCC_WARN_UNUSED_VARIABLE = YES;
				IPHONEOS_DEPLOYMENT_TARGET = 10.2;
				MTL_ENABLE_DEBUG_INFO = YES;
				ONLY_ACTIVE_ARCH = YES;
				SDKROOT = iphoneos;
				SWIFT_ACTIVE_COMPILATION_CONDITIONS = DEBUG;
				SWIFT_OPTIMIZATION_LEVEL = "-Onone";
			};
			name = Debug;
		};
		BEF49B481E340D2F00F314CA /* Release */ = {
			isa = XCBuildConfiguration;
			buildSettings = {
				ALWAYS_SEARCH_USER_PATHS = NO;
				CLANG_ANALYZER_NONNULL = YES;
				CLANG_CXX_LANGUAGE_STANDARD = "gnu++0x";
				CLANG_CXX_LIBRARY = "libc++";
				CLANG_ENABLE_MODULES = YES;
				CLANG_ENABLE_OBJC_ARC = YES;
				CLANG_WARN_BOOL_CONVERSION = YES;
				CLANG_WARN_CONSTANT_CONVERSION = YES;
				CLANG_WARN_DIRECT_OBJC_ISA_USAGE = YES_ERROR;
				CLANG_WARN_DOCUMENTATION_COMMENTS = YES;
				CLANG_WARN_EMPTY_BODY = YES;
				CLANG_WARN_ENUM_CONVERSION = YES;
				CLANG_WARN_INFINITE_RECURSION = YES;
				CLANG_WARN_INT_CONVERSION = YES;
				CLANG_WARN_OBJC_ROOT_CLASS = YES_ERROR;
				CLANG_WARN_SUSPICIOUS_MOVE = YES;
				CLANG_WARN_UNREACHABLE_CODE = YES;
				CLANG_WARN__DUPLICATE_METHOD_MATCH = YES;
				"CODE_SIGN_IDENTITY[sdk=iphoneos*]" = "iPhone Developer";
				COPY_PHASE_STRIP = NO;
				DEBUG_INFORMATION_FORMAT = "dwarf-with-dsym";
				ENABLE_NS_ASSERTIONS = NO;
				ENABLE_STRICT_OBJC_MSGSEND = YES;
				GCC_C_LANGUAGE_STANDARD = gnu99;
				GCC_NO_COMMON_BLOCKS = YES;
				GCC_WARN_64_TO_32_BIT_CONVERSION = YES;
				GCC_WARN_ABOUT_RETURN_TYPE = YES_ERROR;
				GCC_WARN_UNDECLARED_SELECTOR = YES;
				GCC_WARN_UNINITIALIZED_AUTOS = YES_AGGRESSIVE;
				GCC_WARN_UNUSED_FUNCTION = YES;
				GCC_WARN_UNUSED_VARIABLE = YES;
				IPHONEOS_DEPLOYMENT_TARGET = 10.2;
				MTL_ENABLE_DEBUG_INFO = NO;
				SDKROOT = iphoneos;
				SWIFT_OPTIMIZATION_LEVEL = "-Owholemodule";
				VALIDATE_PRODUCT = YES;
			};
			name = Release;
		};
		BEF49B4A1E340D2F00F314CA /* Debug */ = {
			isa = XCBuildConfiguration;
			buildSettings = {
				ASSETCATALOG_COMPILER_APPICON_NAME = AppIcon;
				DEVELOPMENT_TEAM = 7WRAJPM7HE;
				INFOPLIST_FILE = 3DTouchDemo/Info.plist;
				IPHONEOS_DEPLOYMENT_TARGET = 9.1;
				LD_RUNPATH_SEARCH_PATHS = "$(inherited) @executable_path/Frameworks";
				PRODUCT_BUNDLE_IDENTIFIER = net.bitcrafters.3DTouchDemo;
				PRODUCT_NAME = "$(TARGET_NAME)";
				SWIFT_VERSION = 3.0;
			};
			name = Debug;
		};
		BEF49B4B1E340D2F00F314CA /* Release */ = {
			isa = XCBuildConfiguration;
			buildSettings = {
				ASSETCATALOG_COMPILER_APPICON_NAME = AppIcon;
				DEVELOPMENT_TEAM = 7WRAJPM7HE;
				INFOPLIST_FILE = 3DTouchDemo/Info.plist;
				IPHONEOS_DEPLOYMENT_TARGET = 9.1;
				LD_RUNPATH_SEARCH_PATHS = "$(inherited) @executable_path/Frameworks";
				PRODUCT_BUNDLE_IDENTIFIER = net.bitcrafters.3DTouchDemo;
				PRODUCT_NAME = "$(TARGET_NAME)";
				SWIFT_VERSION = 3.0;
			};
			name = Release;
		};
/* End XCBuildConfiguration section */

/* Begin XCConfigurationList section */
		BEF49B321E340D2F00F314CA /* Build configuration list for PBXProject "3DTouchDemo" */ = {
			isa = XCConfigurationList;
			buildConfigurations = (
				BEF49B471E340D2F00F314CA /* Debug */,
				BEF49B481E340D2F00F314CA /* Release */,
			);
			defaultConfigurationIsVisible = 0;
			defaultConfigurationName = Release;
		};
		BEF49B491E340D2F00F314CA /* Build configuration list for PBXNativeTarget "3DTouch" */ = {
			isa = XCConfigurationList;
			buildConfigurations = (
				BEF49B4A1E340D2F00F314CA /* Debug */,
				BEF49B4B1E340D2F00F314CA /* Release */,
			);
			defaultConfigurationIsVisible = 0;
			defaultConfigurationName = Release;
		};
/* End XCConfigurationList section */
	};
	rootObject = BEF49B2F1E340D2F00F314CA /* Project object */;
}
